
Microsoft Visual Studio Solution File, Format Version 12.00
# Visual Studio Version 17
VisualStudioVersion = 17.8.34316.72
MinimumVisualStudioVersion = 10.0.40219.1
Project("{9A19103F-16F7-4668-BE54-9A1E7A4F7556}") = "RabbitmqExample", "RabbitmqExample\RabbitmqExample.csproj", "{BEEB0D87-577C-4833-9950-8A2569D76276}"
EndProject
Project("{FAE04EC0-301F-11D3-BF4B-00C04F79EFBC}") = "Mesajyakala", "Mesajyakala\Mesajyakala.csproj", "{EBAFEAB6-26A3-43E3-AA1A-927D906E72AB}"
EndProject
Global
	GlobalSection(SolutionConfigurationPlatforms) = preSolution
		Debug|Any CPU = Debug|Any CPU
		Release|Any CPU = Release|Any CPU
	EndGlobalSection
	GlobalSection(ProjectConfigurationPlatforms) = postSolution
		{BEEB0D87-577C-4833-9950-8A2569D76276}.Debug|Any CPU.ActiveCfg = Debug|Any CPU
		{BEEB0D87-577C-4833-9950-8A2569D76276}.Debug|Any CPU.Build.0 = Debug|Any CPU
		{BEEB0D87-577C-4833-9950-8A2569D76276}.Release|Any CPU.ActiveCfg = Release|Any CPU
		{BEEB0D87-577C-4833-9950-8A2569D76276}.Release|Any CPU.Build.0 = Release|Any CPU
		{EBAFEAB6-26A3-43E3-AA1A-927D906E72AB}.Debug|Any CPU.ActiveCfg = Debug|Any CPU
		{EBAFEAB6-26A3-43E3-AA1A-927D906E72AB}.Debug|Any CPU.Build.0 = Debug|Any CPU
		{EBAFEAB6-26A3-43E3-AA1A-927D906E72AB}.Release|Any CPU.ActiveCfg = Release|Any CPU
		{EBAFEAB6-26A3-43E3-AA1A-927D906E72AB}.Release|Any CPU.Build.0 = Release|Any CPU
	EndGlobalSection
	GlobalSection(SolutionProperties) = preSolution
		HideSolutionNode = FALSE
	EndGlobalSection
	GlobalSection(ExtensibilityGlobals) = postSolution
		SolutionGuid = {052E8DDB-1014-40BC-A9D7-9AEDC3A89278}
	EndGlobalSection
EndGlobal
